{
  "name": "public",
  "version": "1.0.0",
  "lockfileVersion": 1,
  "requires": true,
  "dependencies": {
    "number-in-full-multilang": {
      "version": "1.0.2",
      "resolved": "https://registry.npmjs.org/number-in-full-multilang/-/number-in-full-multilang-1.0.2.tgz",
      "integrity": "sha512-t5B2tluQgEN2Ysr+KYh1CBaP3zH1EmD/Iv96cSG7nPUmAKSxmvcjY6bzWxnzFn6dT8H2eBuWSthcPUDjNhhtzg=="
    }
  }
}
